// !$*UTF8*$!
{
	archiveVersion = 1;
	classes = {
	};
	objectVersion = 46;
	objects = {

/* Begin PBXBuildFile section */
		2D595B801A48779400BCB52D /* digiBridgeLocation.h in CopyFiles */ = {isa = PBXBuildFile; fileRef = 2D595B7F1A48779400BCB52D /* digiBridgeLocation.h */; };
		2D595B821A48779400BCB52D /* digiBridgeLocation.m in Sources */ = {isa = PBXBuildFile; fileRef = 2D595B811A48779400BCB52D /* digiBridgeLocation.m */; };
		2D595B881A48779400BCB52D /* libdigiBridgeLocation.a in Frameworks */ = {isa = PBXBuildFile; fileRef = 2D595B7C1A48779400BCB52D /* libdigiBridgeLocation.a */; };
		2D595B971A487AC700BCB52D /* CoreLocation.framework in Frameworks */ = {isa = PBXBuildFile; fileRef = 2D595B961A487AC700BCB52D /* CoreLocation.framework */; };
/* End PBXBuildFile section */

/* Begin PBXContainerItemProxy section */
		2D595B891A48779400BCB52D /* PBXContainerItemProxy */ = {
			isa = PBXContainerItemProxy;
			containerPortal = 2D595B741A48779400BCB52D /* Project object */;
			proxyType = 1;
			remoteGlobalIDString = 2D595B7B1A48779400BCB52D;
			remoteInfo = digiBridgeLocation;
		};
/* End PBXContainerItemProxy section */

/* Begin PBXCopyFilesBuildPhase section */
		2D595B7A1A48779400BCB52D /* CopyFiles */ = {
			isa = PBXCopyFilesBuildPhase;
			buildActionMask = 2147483647;
			dstPath = "include/$(PRODUCT_NAME)";
			dstSubfolderSpec = 16;
			files = (
				2D595B801A48779400BCB52D /* digiBridgeLocation.h in CopyFiles */,
			);
			runOnlyForDeploymentPostprocessing = 0;
		};
/* End PBXCopyFilesBuildPhase section */

/* Begin PBXFileReference section */
		2D595B7C1A48779400BCB52D /* libdigiBridgeLocation.a */ = {isa = PBXFileReference; explicitFileType = archive.ar; includeInIndex = 0; path = libdigiBridgeLocation.a; sourceTree = BUILT_PRODUCTS_DIR; };
		2D595B7F1A48779400BCB52D /* digiBridgeLocation.h */ = {isa = PBXFileReference; lastKnownFileType = sourcecode.c.h; path = digiBridgeLocation.h; sourceTree = "<group>"; };
		2D595B811A48779400BCB52D /* digiBridgeLocation.m */ = {isa = PBXFileReference; lastKnownFileType = sourcecode.c.objc; path = digiBridgeLocation.m; sourceTree = "<group>"; };
		2D595B871A48779400BCB52D /* digiBridgeLocationTests.xctest */ = {isa = PBXFileReference; explicitFileType = wrapper.cfbundle; includeInIndex = 0; path = digiBridgeLocationTests.xctest; sourceTree = BUILT_PRODUCTS_DIR; };
		2D595B8D1A48779400BCB52D /* Info.plist */ = {isa = PBXFileReference; lastKnownFileType = text.plist.xml; path = Info.plist; sourceTree = "<group>"; };
		2D595B961A487AC700BCB52D /* CoreLocation.framework */ = {isa = PBXFileReference; lastKnownFileType = wrapper.framework; name = CoreLocation.framework; path = System/Library/Frameworks/CoreLocation.framework; sourceTree = SDKROOT; };
/* End PBXFileReference section */

/* Begin PBXFrameworksBuildPhase section */
		2D595B791A48779400BCB52D /* Frameworks */ = {
			isa = PBXFrameworksBuildPhase;
			buildActionMask = 2147483647;
			files = (
				2D595B971A487AC700BCB52D /* CoreLocation.framework in Frameworks */,
			);
			runOnlyForDeploymentPostprocessing = 0;
		};
		2D595B841A48779400BCB52D /* Frameworks */ = {
			isa = PBXFrameworksBuildPhase;
			buildActionMask = 2147483647;
			files = (
				2D595B881A48779400BCB52D /* libdigiBridgeLocation.a in Frameworks */,
			);
			runOnlyForDeploymentPostprocessing = 0;
		};
/* End PBXFrameworksBuildPhase section */

/* Begin PBXGroup section */
		2D595B731A48779400BCB52D = {
			isa = PBXGroup;
			children = (
				2D595B961A487AC700BCB52D /* CoreLocation.framework */,
				2D595B7E1A48779400BCB52D /* digiBridgeLocation */,
				2D595B8B1A48779400BCB52D /* digiBridgeLocationTests */,
				2D595B7D1A48779400BCB52D /* Products */,
			);
			sourceTree = "<group>";
		};
		2D595B7D1A48779400BCB52D /* Products */ = {
			isa = PBXGroup;
			children = (
				2D595B7C1A48779400BCB52D /* libdigiBridgeLocation.a */,
				2D595B871A48779400BCB52D /* digiBridgeLocationTests.xctest */,
			);
			name = Products;
			sourceTree = "<group>";
		};
		2D595B7E1A48779400BCB52D /* digiBridgeLocation */ = {
			isa = PBXGroup;
			children = (
				2D595B7F1A48779400BCB52D /* digiBridgeLocation.h */,
				2D595B811A48779400BCB52D /* digiBridgeLocation.m */,
			);
			path = digiBridgeLocation;
			sourceTree = "<group>";
		};
		2D595B8B1A48779400BCB52D /* digiBridgeLocationTests */ = {
			isa = PBXGroup;
			children = (
				2D595B8C1A48779400BCB52D /* Supporting Files */,
			);
			path = digiBridgeLocationTests;
			sourceTree = "<group>";
		};
		2D595B8C1A48779400BCB52D /* Supporting Files */ = {
			isa = PBXGroup;
			children = (
				2D595B8D1A48779400BCB52D /* Info.plist */,
			);
			name = "Supporting Files";
			sourceTree = "<group>";
		};
/* End PBXGroup section */

/* Begin PBXNativeTarget section */
		2D595B7B1A48779400BCB52D /* digiBridgeLocation */ = {
			isa = PBXNativeTarget;
			buildConfigurationList = 2D595B901A48779400BCB52D /* Build configuration list for PBXNativeTarget "digiBridgeLocation" */;
			buildPhases = (
				2D595B781A48779400BCB52D /* Sources */,
				2D595B791A48779400BCB52D /* Frameworks */,
				2D595B7A1A48779400BCB52D /* CopyFiles */,
			);
			buildRules = (
			);
			dependencies = (
			);
			name = digiBridgeLocation;
			productName = digiBridgeLocation;
			productReference = 2D595B7C1A48779400BCB52D /* libdigiBridgeLocation.a */;
			productType = "com.apple.product-type.library.static";
		};
		2D595B861A48779400BCB52D /* digiBridgeLocationTests */ = {
			isa = PBXNativeTarget;
			buildConfigurationList = 2D595B931A48779400BCB52D /* Build configuration list for PBXNativeTarget "digiBridgeLocationTests" */;
			buildPhases = (
				2D595B831A48779400BCB52D /* Sources */,
				2D595B841A48779400BCB52D /* Frameworks */,
				2D595B851A48779400BCB52D /* Resources */,
			);
			buildRules = (
			);
			dependencies = (
				2D595B8A1A48779400BCB52D /* PBXTargetDependency */,
			);
			name = digiBridgeLocationTests;
			productName = digiBridgeLocationTests;
			productReference = 2D595B871A48779400BCB52D /* digiBridgeLocationTests.xctest */;
			productType = "com.apple.product-type.bundle.unit-test";
		};
/* End PBXNativeTarget section */

/* Begin PBXProject section */
		2D595B741A48779400BCB52D /* Project object */ = {
			isa = PBXProject;
			attributes = {
				LastUpgradeCheck = 0610;
				ORGANIZATIONNAME = "Mike Antonelli";
				TargetAttributes = {
					2D595B7B1A48779400BCB52D = {
						CreatedOnToolsVersion = 6.1.1;
					};
					2D595B861A48779400BCB52D = {
						CreatedOnToolsVersion = 6.1.1;
					};
				};
			};
			buildConfigurationList = 2D595B771A48779400BCB52D /* Build configuration list for PBXProject "digiBridgeLocation" */;
			compatibilityVersion = "Xcode 3.2";
			developmentRegion = English;
			hasScannedForEncodings = 0;
			knownRegions = (
				en,
			);
			mainGroup = 2D595B731A48779400BCB52D;
			productRefGroup = 2D595B7D1A48779400BCB52D /* Products */;
			projectDirPath = "";
			projectRoot = "";
			targets = (
				2D595B7B1A48779400BCB52D /* digiBridgeLocation */,
				2D595B861A48779400BCB52D /* digiBridgeLocationTests */,
			);
		};
/* End PBXProject section */

/* Begin PBXResourcesBuildPhase section */
		2D595B851A48779400BCB52D /* Resources */ = {
			isa = PBXResourcesBuildPhase;
			buildActionMask = 2147483647;
			files = (
			);
			runOnlyForDeploymentPostprocessing = 0;
		};
/* End PBXResourcesBuildPhase section */

/* Begin PBXSourcesBuildPhase section */
		2D595B781A48779400BCB52D /* Sources */ = {
			isa = PBXSourcesBuildPhase;
			buildActionMask = 2147483647;
			files = (
				2D595B821A48779400BCB52D /* digiBridgeLocation.m in Sources */,
			);
			runOnlyForDeploymentPostprocessing = 0;
		};
		2D595B831A48779400BCB52D /* Sources */ = {
			isa = PBXSourcesBuildPhase;
			buildActionMask = 2147483647;
			files = (
			);
			runOnlyForDeploymentPostprocessing = 0;
		};
/* End PBXSourcesBuildPhase section */

/* Begin PBXTargetDependency section */
		2D595B8A1A48779400BCB52D /* PBXTargetDependency */ = {
			isa = PBXTargetDependency;
			target = 2D595B7B1A48779400BCB52D /* digiBridgeLocation */;
			targetProxy = 2D595B891A48779400BCB52D /* PBXContainerItemProxy */;
		};
/* End PBXTargetDependency section */

/* Begin XCBuildConfiguration section */
		2D595B8E1A48779400BCB52D /* Debug */ = {
			isa = XCBuildConfiguration;
			buildSettings = {
				ALWAYS_SEARCH_USER_PATHS = NO;
				CLANG_CXX_LANGUAGE_STANDARD = "gnu++0x";
				CLANG_CXX_LIBRARY = "libc++";
				CLANG_ENABLE_MODULES = YES;
				CLANG_ENABLE_OBJC_ARC = YES;
				CLANG_WARN_BOOL_CONVERSION = YES;
				CLANG_WARN_CONSTANT_CONVERSION = YES;
				CLANG_WARN_DIRECT_OBJC_ISA_USAGE = YES_ERROR;
				CLANG_WARN_EMPTY_BODY = YES;
				CLANG_WARN_ENUM_CONVERSION = YES;
				CLANG_WARN_INT_CONVERSION = YES;
				CLANG_WARN_OBJC_ROOT_CLASS = YES_ERROR;
				CLANG_WARN_UNREACHABLE_CODE = YES;
				CLANG_WARN__DUPLICATE_METHOD_MATCH = YES;
				COPY_PHASE_STRIP = NO;
				ENABLE_STRICT_OBJC_MSGSEND = YES;
				GCC_C_LANGUAGE_STANDARD = gnu99;
				GCC_DYNAMIC_NO_PIC = NO;
				GCC_OPTIMIZATION_LEVEL = 0;
				GCC_PREPROCESSOR_DEFINITIONS = (
					"DEBUG=1",
					"$(inherited)",
				);
				GCC_SYMBOLS_PRIVATE_EXTERN = NO;
				GCC_WARN_64_TO_32_BIT_CONVERSION = YES;
				GCC_WARN_ABOUT_RETURN_TYPE = YES_ERROR;
				GCC_WARN_UNDECLARED_SELECTOR = YES;
				GCC_WARN_UNINITIALIZED_AUTOS = YES_AGGRESSIVE;
				GCC_WARN_UNUSED_FUNCTION = YES;
				GCC_WARN_UNUSED_VARIABLE = YES;
				IPHONEOS_DEPLOYMENT_TARGET = 8.1;
				MTL_ENABLE_DEBUG_INFO = YES;
				ONLY_ACTIVE_ARCH = YES;
				SDKROOT = iphoneos;
			};
			name = Debug;
		};
		2D595B8F1A48779400BCB52D /* Release */ = {
			isa = XCBuildConfiguration;
			buildSettings = {
				ALWAYS_SEARCH_USER_PATHS = NO;
				CLANG_CXX_LANGUAGE_STANDARD = "gnu++0x";
				CLANG_CXX_LIBRARY = "libc++";
				CLANG_ENABLE_MODULES = YES;
				CLANG_ENABLE_OBJC_ARC = YES;
				CLANG_WARN_BOOL_CONVERSION = YES;
				CLANG_WARN_CONSTANT_CONVERSION = YES;
				CLANG_WARN_DIRECT_OBJC_ISA_USAGE = YES_ERROR;
				CLANG_WARN_EMPTY_BODY = YES;
				CLANG_WARN_ENUM_CONVERSION = YES;
				CLANG_WARN_INT_CONVERSION = YES;
				CLANG_WARN_OBJC_ROOT_CLASS = YES_ERROR;
				CLANG_WARN_UNREACHABLE_CODE = YES;
				CLANG_WARN__DUPLICATE_METHOD_MATCH = YES;
				COPY_PHASE_STRIP = YES;
				ENABLE_NS_ASSERTIONS = NO;
				ENABLE_STRICT_OBJC_MSGSEND = YES;
				GCC_C_LANGUAGE_STANDARD = gnu99;
				GCC_WARN_64_TO_32_BIT_CONVERSION = YES;
				GCC_WARN_ABOUT_RETURN_TYPE = YES_ERROR;
				GCC_WARN_UNDECLARED_SELECTOR = YES;
				GCC_WARN_UNINITIALIZED_AUTOS = YES_AGGRESSIVE;
				GCC_WARN_UNUSED_FUNCTION = YES;
				GCC_WARN_UNUSED_VARIABLE = YES;
				IPHONEOS_DEPLOYMENT_TARGET = 8.1;
				MTL_ENABLE_DEBUG_INFO = NO;
				SDKROOT = iphoneos;
				VALIDATE_PRODUCT = YES;
			};
			name = Release;
		};
		2D595B911A48779400BCB52D /* Debug */ = {
			isa = XCBuildConfiguration;
			buildSettings = {
				OTHER_LDFLAGS = "-ObjC";
				PRODUCT_NAME = "$(TARGET_NAME)";
				SKIP_INSTALL = YES;
			};
			name = Debug;
		};
		2D595B921A48779400BCB52D /* Release */ = {
			isa = XCBuildConfiguration;
			buildSettings = {
				OTHER_LDFLAGS = "-ObjC";
				PRODUCT_NAME = "$(TARGET_NAME)";
				SKIP_INSTALL = YES;
			};
			name = Release;
		};
		2D595B941A48779400BCB52D /* Debug */ = {
			isa = XCBuildConfiguration;
			buildSettings = {
				FRAMEWORK_SEARCH_PATHS = (
					"$(SDKROOT)/Developer/Library/Frameworks",
					"$(inherited)",
				);
				GCC_PREPROCESSOR_DEFINITIONS = (
					"DEBUG=1",
					"$(inherited)",
				);
				INFOPLIST_FILE = digiBridgeLocationTests/Info.plist;
				LD_RUNPATH_SEARCH_PATHS = "$(inherited) @executable_path/Frameworks @loader_path/Frameworks";
				PRODUCT_NAME = "$(TARGET_NAME)";
			};
			name = Debug;
		};
		2D595B951A48779400BCB52D /* Release */ = {
			isa = XCBuildConfiguration;
			buildSettings = {
				FRAMEWORK_SEARCH_PATHS = (
					"$(SDKROOT)/Developer/Library/Frameworks",
					"$(inherited)",
				);
				INFOPLIST_FILE = digiBridgeLocationTests/Info.plist;
				LD_RUNPATH_SEARCH_PATHS = "$(inherited) @executable_path/Frameworks @loader_path/Frameworks";
				PRODUCT_NAME = "$(TARGET_NAME)";
			};
			name = Release;
		};
/* End XCBuildConfiguration section */

/* Begin XCConfigurationList section */
		2D595B771A48779400BCB52D /* Build configuration list for PBXProject "digiBridgeLocation" */ = {
			isa = XCConfigurationList;
			buildConfigurations = (
				2D595B8E1A48779400BCB52D /* Debug */,
				2D595B8F1A48779400BCB52D /* Release */,
			);
			defaultConfigurationIsVisible = 0;
			defaultConfigurationName = Release;
		};
		2D595B901A48779400BCB52D /* Build configuration list for PBXNativeTarget "digiBridgeLocation" */ = {
			isa = XCConfigurationList;
			buildConfigurations = (
				2D595B911A48779400BCB52D /* Debug */,
				2D595B921A48779400BCB52D /* Release */,
			);
			defaultConfigurationIsVisible = 0;
		};
		2D595B931A48779400BCB52D /* Build configuration list for PBXNativeTarget "digiBridgeLocationTests" */ = {
			isa = XCConfigurationList;
			buildConfigurations = (
				2D595B941A48779400BCB52D /* Debug */,
				2D595B951A48779400BCB52D /* Release */,
			);
			defaultConfigurationIsVisible = 0;
		};
/* End XCConfigurationList section */
	};
	rootObject = 2D595B741A48779400BCB52D /* Project object */;
}
